// !$*UTF8*$!
{
	archiveVersion = 1;
	classes = {
	};
	objectVersion = 50;
	objects = {

/* Begin PBXBuildFile section */
		8B04C472223EAE6D00C74C03 /* FirstOnboardingViewController.swift in Sources */ = {isa = PBXBuildFile; fileRef = 8B04C471223EAE6D00C74C03 /* FirstOnboardingViewController.swift */; };
		8B04C476223EC25800C74C03 /* RootOnboardingViewController.swift in Sources */ = {isa = PBXBuildFile; fileRef = 8B04C475223EC25800C74C03 /* RootOnboardingViewController.swift */; };
		8B04C478223EC6FB00C74C03 /* SecondOnboardingViewController.swift in Sources */ = {isa = PBXBuildFile; fileRef = 8B04C477223EC6FB00C74C03 /* SecondOnboardingViewController.swift */; };
		8B04C47A223ED17B00C74C03 /* OnboardingSingleHelpTableViewController.swift in Sources */ = {isa = PBXBuildFile; fileRef = 8B04C479223ED17B00C74C03 /* OnboardingSingleHelpTableViewController.swift */; };
		8B04C481223ED5B700C74C03 /* CTOnboardingCustomTableViewCell.swift in Sources */ = {isa = PBXBuildFile; fileRef = 8B04C47F223ED5B700C74C03 /* CTOnboardingCustomTableViewCell.swift */; };
		8B04C482223ED5B700C74C03 /* CTOnboardingButton.swift in Sources */ = {isa = PBXBuildFile; fileRef = 8B04C480223ED5B700C74C03 /* CTOnboardingButton.swift */; };
		8B25AC83230A001200CE5F1C /* NetworkActivityIndicationManager.swift in Sources */ = {isa = PBXBuildFile; fileRef = 8B25AC82230A001200CE5F1C /* NetworkActivityIndicationManager.swift */; };
		8B25AC85230A003A00CE5F1C /* TapticEffectsService.swift in Sources */ = {isa = PBXBuildFile; fileRef = 8B25AC84230A003A00CE5F1C /* TapticEffectsService.swift */; };
		8B2C783020F3ABBD00DA38C0 /* Settings.storyboard in Resources */ = {isa = PBXBuildFile; fileRef = 8B2C782A20F3ABBD00DA38C0 /* Settings.storyboard */; };
		8B2C783120F3ABBD00DA38C0 /* Home.storyboard in Resources */ = {isa = PBXBuildFile; fileRef = 8B2C782C20F3ABBD00DA38C0 /* Home.storyboard */; };
		8B2C783220F3ABBD00DA38C0 /* History.storyboard in Resources */ = {isa = PBXBuildFile; fileRef = 8B2C782E20F3ABBD00DA38C0 /* History.storyboard */; };
		8B562EE82265320E00548EF3 /* Drink.xcdatamodeld in Sources */ = {isa = PBXBuildFile; fileRef = 8B562EE62265320E00548EF3 /* Drink.xcdatamodeld */; };
		8B74E61220EFDDAA0032CE09 /* Assets.xcassets in Resources */ = {isa = PBXBuildFile; fileRef = 8B74E61120EFDDAA0032CE09 /* Assets.xcassets */; };
		8B74E61420F1A03F0032CE09 /* Constants.swift in Sources */ = {isa = PBXBuildFile; fileRef = 8B74E61320F1A03F0032CE09 /* Constants.swift */; };
		8B7BF35E20D5F7FB003FD4C7 /* PickIconTableViewController.swift in Sources */ = {isa = PBXBuildFile; fileRef = 8B7BF35D20D5F7FB003FD4C7 /* PickIconTableViewController.swift */; };
		8B7BF36220D697AB003FD4C7 /* PickerViewController.swift in Sources */ = {isa = PBXBuildFile; fileRef = 8B7BF36120D697AB003FD4C7 /* PickerViewController.swift */; };
		8B81E50720F25D6F005CE1D8 /* HomeViewController.swift in Sources */ = {isa = PBXBuildFile; fileRef = 8B81E50620F25D6F005CE1D8 /* HomeViewController.swift */; };
		8B849FE52262A84900B1A3D0 /* Extensions.swift in Sources */ = {isa = PBXBuildFile; fileRef = 8B849FE42262A84900B1A3D0 /* Extensions.swift */; };
		8B8E9B9420DDBF1000E619FB /* DailyCaffeineViewController.swift in Sources */ = {isa = PBXBuildFile; fileRef = 8B8E9B9320DDBF1000E619FB /* DailyCaffeineViewController.swift */; };
		8BA74EA720D1B25200AAC3EA /* HealthKitSetupAssistant.swift in Sources */ = {isa = PBXBuildFile; fileRef = 8BA74EA620D1B25200AAC3EA /* HealthKitSetupAssistant.swift */; };
		8BAC94FE20F1AEC800601660 /* GradientView.swift in Sources */ = {isa = PBXBuildFile; fileRef = 8BAC94FD20F1AEC800601660 /* GradientView.swift */; };
		8BBC8B9E22272CC900A4E54C /* CustomCellClass.swift in Sources */ = {isa = PBXBuildFile; fileRef = 8BBC8B9D22272CC900A4E54C /* CustomCellClass.swift */; };
		8BC6B12520D4650C006B2061 /* AddDrinkTableViewController.swift in Sources */ = {isa = PBXBuildFile; fileRef = 8BC6B12420D4650C006B2061 /* AddDrinkTableViewController.swift */; };
		8BCFB39A20D2944C00090C2A /* HistoryDrinksViewController.swift in Sources */ = {isa = PBXBuildFile; fileRef = 8BCFB39920D2944C00090C2A /* HistoryDrinksViewController.swift */; };
		8BD2BB042081497E00D61BDF /* AppDelegate.swift in Sources */ = {isa = PBXBuildFile; fileRef = 8BD2BB032081497E00D61BDF /* AppDelegate.swift */; };
		8BD2BB0B2081497E00D61BDF /* Main.storyboard in Resources */ = {isa = PBXBuildFile; fileRef = 8BD2BB092081497E00D61BDF /* Main.storyboard */; };
		8BD2BB102081498000D61BDF /* LaunchScreen.storyboard in Resources */ = {isa = PBXBuildFile; fileRef = 8BD2BB0E2081498000D61BDF /* LaunchScreen.storyboard */; };
		8BD2BB1A2081499400D61BDF /* HealthKit.framework in Frameworks */ = {isa = PBXBuildFile; fileRef = 8BD2BB192081499400D61BDF /* HealthKit.framework */; };
		8BD2BB1E20814F0700D61BDF /* SettingsTableViewController.swift in Sources */ = {isa = PBXBuildFile; fileRef = 8BD2BB1D20814F0700D61BDF /* SettingsTableViewController.swift */; };
		8BD2BB202081565700D61BDF /* InAppPurchaseTableViewController.swift in Sources */ = {isa = PBXBuildFile; fileRef = 8BD2BB1F2081565700D61BDF /* InAppPurchaseTableViewController.swift */; };
		8BE0075A225E1A0900089AC9 /* Drink.swift in Sources */ = {isa = PBXBuildFile; fileRef = 8BE00759225E1A0900089AC9 /* Drink.swift */; };
		FB0F34246134AB9A060BE3F5 /* Pods_Caffeine_tracker.framework in Frameworks */ = {isa = PBXBuildFile; fileRef = CCF0EE029A0606E0A36F7055 /* Pods_Caffeine_tracker.framework */; };
/* End PBXBuildFile section */

/* Begin PBXFileReference section */
		310D793C75283CAC32DE07D1 /* Pods-Caffeine tracker.release.xcconfig */ = {isa = PBXFileReference; includeInIndex = 1; lastKnownFileType = text.xcconfig; name = "Pods-Caffeine tracker.release.xcconfig"; path = "Target Support Files/Pods-Caffeine tracker/Pods-Caffeine tracker.release.xcconfig"; sourceTree = "<group>"; };
		8B04C471223EAE6D00C74C03 /* FirstOnboardingViewController.swift */ = {isa = PBXFileReference; lastKnownFileType = sourcecode.swift; path = FirstOnboardingViewController.swift; sourceTree = "<group>"; };
		8B04C475223EC25800C74C03 /* RootOnboardingViewController.swift */ = {isa = PBXFileReference; lastKnownFileType = sourcecode.swift; path = RootOnboardingViewController.swift; sourceTree = "<group>"; };
		8B04C477223EC6FB00C74C03 /* SecondOnboardingViewController.swift */ = {isa = PBXFileReference; lastKnownFileType = sourcecode.swift; path = SecondOnboardingViewController.swift; sourceTree = "<group>"; };
		8B04C479223ED17B00C74C03 /* OnboardingSingleHelpTableViewController.swift */ = {isa = PBXFileReference; lastKnownFileType = sourcecode.swift; path = OnboardingSingleHelpTableViewController.swift; sourceTree = "<group>"; };
		8B04C47F223ED5B700C74C03 /* CTOnboardingCustomTableViewCell.swift */ = {isa = PBXFileReference; fileEncoding = 4; lastKnownFileType = sourcecode.swift; name = CTOnboardingCustomTableViewCell.swift; path = "Caffeine tracker/CustomClasses/CTOnboardingCustomTableViewCell.swift"; sourceTree = SOURCE_ROOT; };
		8B04C480223ED5B700C74C03 /* CTOnboardingButton.swift */ = {isa = PBXFileReference; fileEncoding = 4; lastKnownFileType = sourcecode.swift; name = CTOnboardingButton.swift; path = "Caffeine tracker/CustomClasses/CTOnboardingButton.swift"; sourceTree = SOURCE_ROOT; };
		8B25AC82230A001200CE5F1C /* NetworkActivityIndicationManager.swift */ = {isa = PBXFileReference; lastKnownFileType = sourcecode.swift; path = NetworkActivityIndicationManager.swift; sourceTree = "<group>"; };
		8B25AC84230A003A00CE5F1C /* TapticEffectsService.swift */ = {isa = PBXFileReference; lastKnownFileType = sourcecode.swift; path = TapticEffectsService.swift; sourceTree = "<group>"; };
		8B2C782B20F3ABBD00DA38C0 /* Base */ = {isa = PBXFileReference; lastKnownFileType = file.storyboard; name = Base; path = Base.lproj/Settings.storyboard; sourceTree = "<group>"; };
		8B2C782D20F3ABBD00DA38C0 /* Base */ = {isa = PBXFileReference; lastKnownFileType = file.storyboard; name = Base; path = Base.lproj/Home.storyboard; sourceTree = "<group>"; };
		8B2C782F20F3ABBD00DA38C0 /* Base */ = {isa = PBXFileReference; lastKnownFileType = file.storyboard; name = Base; path = Base.lproj/History.storyboard; sourceTree = "<group>"; };
		8B562EE72265320E00548EF3 /* Drink.xcdatamodel */ = {isa = PBXFileReference; lastKnownFileType = wrapper.xcdatamodel; path = Drink.xcdatamodel; sourceTree = "<group>"; };
		8B74E61120EFDDAA0032CE09 /* Assets.xcassets */ = {isa = PBXFileReference; lastKnownFileType = folder.assetcatalog; path = Assets.xcassets; sourceTree = "<group>"; };
		8B74E61320F1A03F0032CE09 /* Constants.swift */ = {isa = PBXFileReference; lastKnownFileType = sourcecode.swift; path = Constants.swift; sourceTree = "<group>"; };
		8B7BF35D20D5F7FB003FD4C7 /* PickIconTableViewController.swift */ = {isa = PBXFileReference; lastKnownFileType = sourcecode.swift; path = PickIconTableViewController.swift; sourceTree = "<group>"; };
		8B7BF36120D697AB003FD4C7 /* PickerViewController.swift */ = {isa = PBXFileReference; lastKnownFileType = sourcecode.swift; path = PickerViewController.swift; sourceTree = "<group>"; };
		8B81E50620F25D6F005CE1D8 /* HomeViewController.swift */ = {isa = PBXFileReference; lastKnownFileType = sourcecode.swift; path = HomeViewController.swift; sourceTree = "<group>"; };
		8B849FE42262A84900B1A3D0 /* Extensions.swift */ = {isa = PBXFileReference; lastKnownFileType = sourcecode.swift; path = Extensions.swift; sourceTree = "<group>"; };
		8B8E9B9320DDBF1000E619FB /* DailyCaffeineViewController.swift */ = {isa = PBXFileReference; lastKnownFileType = sourcecode.swift; path = DailyCaffeineViewController.swift; sourceTree = "<group>"; };
		8BA74EA620D1B25200AAC3EA /* HealthKitSetupAssistant.swift */ = {isa = PBXFileReference; lastKnownFileType = sourcecode.swift; path = HealthKitSetupAssistant.swift; sourceTree = "<group>"; };
		8BAC94FD20F1AEC800601660 /* GradientView.swift */ = {isa = PBXFileReference; lastKnownFileType = sourcecode.swift; path = GradientView.swift; sourceTree = "<group>"; };
		8BBC8B9D22272CC900A4E54C /* CustomCellClass.swift */ = {isa = PBXFileReference; lastKnownFileType = sourcecode.swift; path = CustomCellClass.swift; sourceTree = "<group>"; };
		8BC6B12420D4650C006B2061 /* AddDrinkTableViewController.swift */ = {isa = PBXFileReference; lastKnownFileType = sourcecode.swift; path = AddDrinkTableViewController.swift; sourceTree = "<group>"; };
		8BCFB39920D2944C00090C2A /* HistoryDrinksViewController.swift */ = {isa = PBXFileReference; lastKnownFileType = sourcecode.swift; path = HistoryDrinksViewController.swift; sourceTree = "<group>"; };
		8BD2BB002081497E00D61BDF /* Caffeine tracker.app */ = {isa = PBXFileReference; explicitFileType = wrapper.application; includeInIndex = 0; path = "Caffeine tracker.app"; sourceTree = BUILT_PRODUCTS_DIR; };
		8BD2BB032081497E00D61BDF /* AppDelegate.swift */ = {isa = PBXFileReference; lastKnownFileType = sourcecode.swift; path = AppDelegate.swift; sourceTree = "<group>"; };
		8BD2BB0A2081497E00D61BDF /* Base */ = {isa = PBXFileReference; lastKnownFileType = file.storyboard; name = Base; path = Base.lproj/Main.storyboard; sourceTree = "<group>"; };
		8BD2BB0F2081498000D61BDF /* Base */ = {isa = PBXFileReference; lastKnownFileType = file.storyboard; name = Base; path = Base.lproj/LaunchScreen.storyboard; sourceTree = "<group>"; };
		8BD2BB112081498000D61BDF /* Info.plist */ = {isa = PBXFileReference; lastKnownFileType = text.plist.xml; path = Info.plist; sourceTree = "<group>"; };
		8BD2BB172081499400D61BDF /* Caffeine tracker.entitlements */ = {isa = PBXFileReference; lastKnownFileType = text.plist.entitlements; path = "Caffeine tracker.entitlements"; sourceTree = "<group>"; };
		8BD2BB192081499400D61BDF /* HealthKit.framework */ = {isa = PBXFileReference; lastKnownFileType = wrapper.framework; name = HealthKit.framework; path = System/Library/Frameworks/HealthKit.framework; sourceTree = SDKROOT; };
		8BD2BB1D20814F0700D61BDF /* SettingsTableViewController.swift */ = {isa = PBXFileReference; lastKnownFileType = sourcecode.swift; path = SettingsTableViewController.swift; sourceTree = "<group>"; };
		8BD2BB1F2081565700D61BDF /* InAppPurchaseTableViewController.swift */ = {isa = PBXFileReference; lastKnownFileType = sourcecode.swift; path = InAppPurchaseTableViewController.swift; sourceTree = "<group>"; };
		8BE00759225E1A0900089AC9 /* Drink.swift */ = {isa = PBXFileReference; lastKnownFileType = sourcecode.swift; path = Drink.swift; sourceTree = "<group>"; };
		A047BB31F33110343C53C94C /* Pods-Caffeine tracker.debug.xcconfig */ = {isa = PBXFileReference; includeInIndex = 1; lastKnownFileType = text.xcconfig; name = "Pods-Caffeine tracker.debug.xcconfig"; path = "Target Support Files/Pods-Caffeine tracker/Pods-Caffeine tracker.debug.xcconfig"; sourceTree = "<group>"; };
		CCF0EE029A0606E0A36F7055 /* Pods_Caffeine_tracker.framework */ = {isa = PBXFileReference; explicitFileType = wrapper.framework; includeInIndex = 0; path = Pods_Caffeine_tracker.framework; sourceTree = BUILT_PRODUCTS_DIR; };
/* End PBXFileReference section */

/* Begin PBXFrameworksBuildPhase section */
		8BD2BAFD2081497E00D61BDF /* Frameworks */ = {
			isa = PBXFrameworksBuildPhase;
			buildActionMask = 2147483647;
			files = (
				8BD2BB1A2081499400D61BDF /* HealthKit.framework in Frameworks */,
				FB0F34246134AB9A060BE3F5 /* Pods_Caffeine_tracker.framework in Frameworks */,
			);
			runOnlyForDeploymentPostprocessing = 0;
		};
/* End PBXFrameworksBuildPhase section */

/* Begin PBXGroup section */
		2DB755F76C2702100110B870 /* Pods */ = {
			isa = PBXGroup;
			children = (
				A047BB31F33110343C53C94C /* Pods-Caffeine tracker.debug.xcconfig */,
				310D793C75283CAC32DE07D1 /* Pods-Caffeine tracker.release.xcconfig */,
			);
			path = Pods;
			sourceTree = "<group>";
		};
		8B04C47E223ED58200C74C03 /* CustomClasses */ = {
			isa = PBXGroup;
			children = (
				8BA74EA620D1B25200AAC3EA /* HealthKitSetupAssistant.swift */,
				8BAC94FD20F1AEC800601660 /* GradientView.swift */,
				8BBC8B9D22272CC900A4E54C /* CustomCellClass.swift */,
				8B04C480223ED5B700C74C03 /* CTOnboardingButton.swift */,
				8B04C47F223ED5B700C74C03 /* CTOnboardingCustomTableViewCell.swift */,
				8B25AC82230A001200CE5F1C /* NetworkActivityIndicationManager.swift */,
				8B25AC84230A003A00CE5F1C /* TapticEffectsService.swift */,
			);
			name = CustomClasses;
			path = "New Group";
			sourceTree = "<group>";
		};
		8B27BC7C20F29E070090C5A9 /* Storyboards */ = {
			isa = PBXGroup;
			children = (
				8BD2BB092081497E00D61BDF /* Main.storyboard */,
				8B2C782C20F3ABBD00DA38C0 /* Home.storyboard */,
				8B2C782E20F3ABBD00DA38C0 /* History.storyboard */,
				8B2C782A20F3ABBD00DA38C0 /* Settings.storyboard */,
				8BD2BB0E2081498000D61BDF /* LaunchScreen.storyboard */,
			);
			path = Storyboards;
			sourceTree = "<group>";
		};
		8BD2BAF72081497E00D61BDF = {
			isa = PBXGroup;
			children = (
				8BD2BB022081497E00D61BDF /* Caffeine tracker */,
				8BD2BB012081497E00D61BDF /* Products */,
				8BD2BB182081499400D61BDF /* Frameworks */,
				2DB755F76C2702100110B870 /* Pods */,
			);
			sourceTree = "<group>";
		};
		8BD2BB012081497E00D61BDF /* Products */ = {
			isa = PBXGroup;
			children = (
				8BD2BB002081497E00D61BDF /* Caffeine tracker.app */,
			);
			name = Products;
			sourceTree = "<group>";
		};
		8BD2BB022081497E00D61BDF /* Caffeine tracker */ = {
			isa = PBXGroup;
			children = (
				8BD2BB172081499400D61BDF /* Caffeine tracker.entitlements */,
				8B562EE62265320E00548EF3 /* Drink.xcdatamodeld */,
				8BD2BB032081497E00D61BDF /* AppDelegate.swift */,
				8B74E61320F1A03F0032CE09 /* Constants.swift */,
				8BE00759225E1A0900089AC9 /* Drink.swift */,
				8B849FE42262A84900B1A3D0 /* Extensions.swift */,
				8B04C47E223ED58200C74C03 /* CustomClasses */,
				8BD2BB212081575400D61BDF /* View Controllers */,
				8B27BC7C20F29E070090C5A9 /* Storyboards */,
				8B74E61120EFDDAA0032CE09 /* Assets.xcassets */,
				8BD2BB112081498000D61BDF /* Info.plist */,
			);
			path = "Caffeine tracker";
			sourceTree = "<group>";
		};
		8BD2BB182081499400D61BDF /* Frameworks */ = {
			isa = PBXGroup;
			children = (
				8BD2BB192081499400D61BDF /* HealthKit.framework */,
				CCF0EE029A0606E0A36F7055 /* Pods_Caffeine_tracker.framework */,
			);
			name = Frameworks;
			sourceTree = "<group>";
		};
		8BD2BB212081575400D61BDF /* View Controllers */ = {
			isa = PBXGroup;
			children = (
				8B81E50620F25D6F005CE1D8 /* HomeViewController.swift */,
				8B7BF36120D697AB003FD4C7 /* PickerViewController.swift */,
				8BC6B12420D4650C006B2061 /* AddDrinkTableViewController.swift */,
				8B7BF35D20D5F7FB003FD4C7 /* PickIconTableViewController.swift */,
				8BCFB39920D2944C00090C2A /* HistoryDrinksViewController.swift */,
				8BD2BB1D20814F0700D61BDF /* SettingsTableViewController.swift */,
				8B8E9B9320DDBF1000E619FB /* DailyCaffeineViewController.swift */,
				8BD2BB1F2081565700D61BDF /* InAppPurchaseTableViewController.swift */,
				8B04C475223EC25800C74C03 /* RootOnboardingViewController.swift */,
				8B04C471223EAE6D00C74C03 /* FirstOnboardingViewController.swift */,
				8B04C477223EC6FB00C74C03 /* SecondOnboardingViewController.swift */,
				8B04C479223ED17B00C74C03 /* OnboardingSingleHelpTableViewController.swift */,
			);
			path = "View Controllers";
			sourceTree = "<group>";
		};
/* End PBXGroup section */

/* Begin PBXNativeTarget section */
		8BD2BAFF2081497E00D61BDF /* Caffeine tracker */ = {
			isa = PBXNativeTarget;
			buildConfigurationList = 8BD2BB142081498000D61BDF /* Build configuration list for PBXNativeTarget "Caffeine tracker" */;
			buildPhases = (
				86AC70281A7925DC8D6E44F8 /* [CP] Check Pods Manifest.lock */,
				8BD2BAFC2081497E00D61BDF /* Sources */,
				8BD2BAFD2081497E00D61BDF /* Frameworks */,
				8BD2BAFE2081497E00D61BDF /* Resources */,
				0D51C3C84F565C388B434B52 /* [CP] Embed Pods Frameworks */,
			);
			buildRules = (
			);
			dependencies = (
			);
			name = "Caffeine tracker";
			productName = "Caffeine tracker";
			productReference = 8BD2BB002081497E00D61BDF /* Caffeine tracker.app */;
			productType = "com.apple.product-type.application";
		};
/* End PBXNativeTarget section */

/* Begin PBXProject section */
		8BD2BAF82081497E00D61BDF /* Project object */ = {
			isa = PBXProject;
			attributes = {
				LastSwiftUpdateCheck = 0930;
				LastUpgradeCheck = 0930;
				ORGANIZATIONNAME = "Tobias Ruano";
				TargetAttributes = {
					8BD2BAFF2081497E00D61BDF = {
						CreatedOnToolsVersion = 9.3;
						LastSwiftMigration = 1100;
						SystemCapabilities = {
							com.apple.ApplicationGroups.iOS = {
								enabled = 0;
							};
							com.apple.HealthKit = {
								enabled = 1;
							};
						};
					};
				};
			};
			buildConfigurationList = 8BD2BAFB2081497E00D61BDF /* Build configuration list for PBXProject "Caffeine tracker" */;
			compatibilityVersion = "Xcode 9.3";
			developmentRegion = en;
			hasScannedForEncodings = 0;
			knownRegions = (
				en,
				Base,
			);
			mainGroup = 8BD2BAF72081497E00D61BDF;
			productRefGroup = 8BD2BB012081497E00D61BDF /* Products */;
			projectDirPath = "";
			projectRoot = "";
			targets = (
				8BD2BAFF2081497E00D61BDF /* Caffeine tracker */,
			);
		};
/* End PBXProject section */

/* Begin PBXResourcesBuildPhase section */
		8BD2BAFE2081497E00D61BDF /* Resources */ = {
			isa = PBXResourcesBuildPhase;
			buildActionMask = 2147483647;
			files = (
				8BD2BB102081498000D61BDF /* LaunchScreen.storyboard in Resources */,
				8B2C783120F3ABBD00DA38C0 /* Home.storyboard in Resources */,
				8B74E61220EFDDAA0032CE09 /* Assets.xcassets in Resources */,
				8BD2BB0B2081497E00D61BDF /* Main.storyboard in Resources */,
				8B2C783020F3ABBD00DA38C0 /* Settings.storyboard in Resources */,
				8B2C783220F3ABBD00DA38C0 /* History.storyboard in Resources */,
			);
			runOnlyForDeploymentPostprocessing = 0;
		};
/* End PBXResourcesBuildPhase section */

/* Begin PBXShellScriptBuildPhase section */
		0D51C3C84F565C388B434B52 /* [CP] Embed Pods Frameworks */ = {
			isa = PBXShellScriptBuildPhase;
			buildActionMask = 2147483647;
			files = (
			);
			inputFileListPaths = (
			);
			inputPaths = (
				"${PODS_ROOT}/Target Support Files/Pods-Caffeine tracker/Pods-Caffeine tracker-frameworks.sh",
				"${BUILT_PRODUCTS_DIR}/SwiftyStoreKit/SwiftyStoreKit.framework",
			);
			name = "[CP] Embed Pods Frameworks";
			outputFileListPaths = (
			);
			outputPaths = (
				"${TARGET_BUILD_DIR}/${FRAMEWORKS_FOLDER_PATH}/SwiftyStoreKit.framework",
			);
			runOnlyForDeploymentPostprocessing = 0;
			shellPath = /bin/sh;
			shellScript = "\"${PODS_ROOT}/Target Support Files/Pods-Caffeine tracker/Pods-Caffeine tracker-frameworks.sh\"\n";
			showEnvVarsInLog = 0;
		};
		86AC70281A7925DC8D6E44F8 /* [CP] Check Pods Manifest.lock */ = {
			isa = PBXShellScriptBuildPhase;
			buildActionMask = 2147483647;
			files = (
			);
			inputFileListPaths = (
			);
			inputPaths = (
				"${PODS_PODFILE_DIR_PATH}/Podfile.lock",
				"${PODS_ROOT}/Manifest.lock",
			);
			name = "[CP] Check Pods Manifest.lock";
			outputFileListPaths = (
			);
			outputPaths = (
				"$(DERIVED_FILE_DIR)/Pods-Caffeine tracker-checkManifestLockResult.txt",
			);
			runOnlyForDeploymentPostprocessing = 0;
			shellPath = /bin/sh;
			shellScript = "diff \"${PODS_PODFILE_DIR_PATH}/Podfile.lock\" \"${PODS_ROOT}/Manifest.lock\" > /dev/null\nif [ $? != 0 ] ; then\n    # print error to STDERR\n    echo \"error: The sandbox is not in sync with the Podfile.lock. Run 'pod install' or update your CocoaPods installation.\" >&2\n    exit 1\nfi\n# This output is used by Xcode 'outputs' to avoid re-running this script phase.\necho \"SUCCESS\" > \"${SCRIPT_OUTPUT_FILE_0}\"\n";
			showEnvVarsInLog = 0;
		};
/* End PBXShellScriptBuildPhase section */

/* Begin PBXSourcesBuildPhase section */
		8BD2BAFC2081497E00D61BDF /* Sources */ = {
			isa = PBXSourcesBuildPhase;
			buildActionMask = 2147483647;
			files = (
				8B8E9B9420DDBF1000E619FB /* DailyCaffeineViewController.swift in Sources */,
				8B25AC83230A001200CE5F1C /* NetworkActivityIndicationManager.swift in Sources */,
				8BAC94FE20F1AEC800601660 /* GradientView.swift in Sources */,
				8B25AC85230A003A00CE5F1C /* TapticEffectsService.swift in Sources */,
				8B04C482223ED5B700C74C03 /* CTOnboardingButton.swift in Sources */,
				8B7BF35E20D5F7FB003FD4C7 /* PickIconTableViewController.swift in Sources */,
				8B04C478223EC6FB00C74C03 /* SecondOnboardingViewController.swift in Sources */,
				8BD2BB042081497E00D61BDF /* AppDelegate.swift in Sources */,
				8B7BF36220D697AB003FD4C7 /* PickerViewController.swift in Sources */,
				8BA74EA720D1B25200AAC3EA /* HealthKitSetupAssistant.swift in Sources */,
				8B04C472223EAE6D00C74C03 /* FirstOnboardingViewController.swift in Sources */,
				8BC6B12520D4650C006B2061 /* AddDrinkTableViewController.swift in Sources */,
				8B81E50720F25D6F005CE1D8 /* HomeViewController.swift in Sources */,
				8B04C47A223ED17B00C74C03 /* OnboardingSingleHelpTableViewController.swift in Sources */,
				8B74E61420F1A03F0032CE09 /* Constants.swift in Sources */,
				8B849FE52262A84900B1A3D0 /* Extensions.swift in Sources */,
				8B562EE82265320E00548EF3 /* Drink.xcdatamodeld in Sources */,
				8BD2BB1E20814F0700D61BDF /* SettingsTableViewController.swift in Sources */,
				8BBC8B9E22272CC900A4E54C /* CustomCellClass.swift in Sources */,
				8B04C481223ED5B700C74C03 /* CTOnboardingCustomTableViewCell.swift in Sources */,
				8BD2BB202081565700D61BDF /* InAppPurchaseTableViewController.swift in Sources */,
				8BCFB39A20D2944C00090C2A /* HistoryDrinksViewController.swift in Sources */,
				8BE0075A225E1A0900089AC9 /* Drink.swift in Sources */,
				8B04C476223EC25800C74C03 /* RootOnboardingViewController.swift in Sources */,
			);
			runOnlyForDeploymentPostprocessing = 0;
		};
/* End PBXSourcesBuildPhase section */

/* Begin PBXVariantGroup section */
		8B2C782A20F3ABBD00DA38C0 /* Settings.storyboard */ = {
			isa = PBXVariantGroup;
			children = (
				8B2C782B20F3ABBD00DA38C0 /* Base */,
			);
			name = Settings.storyboard;
			sourceTree = "<group>";
		};
		8B2C782C20F3ABBD00DA38C0 /* Home.storyboard */ = {
			isa = PBXVariantGroup;
			children = (
				8B2C782D20F3ABBD00DA38C0 /* Base */,
			);
			name = Home.storyboard;
			sourceTree = "<group>";
		};
		8B2C782E20F3ABBD00DA38C0 /* History.storyboard */ = {
			isa = PBXVariantGroup;
			children = (
				8B2C782F20F3ABBD00DA38C0 /* Base */,
			);
			name = History.storyboard;
			sourceTree = "<group>";
		};
		8BD2BB092081497E00D61BDF /* Main.storyboard */ = {
			isa = PBXVariantGroup;
			children = (
				8BD2BB0A2081497E00D61BDF /* Base */,
			);
			name = Main.storyboard;
			sourceTree = "<group>";
		};
		8BD2BB0E2081498000D61BDF /* LaunchScreen.storyboard */ = {
			isa = PBXVariantGroup;
			children = (
				8BD2BB0F2081498000D61BDF /* Base */,
			);
			name = LaunchScreen.storyboard;
			sourceTree = "<group>";
		};
/* End PBXVariantGroup section */

/* Begin XCBuildConfiguration section */
		8BD2BB122081498000D61BDF /* Debug */ = {
			isa = XCBuildConfiguration;
			buildSettings = {
				ALWAYS_SEARCH_USER_PATHS = NO;
				CLANG_ANALYZER_NONNULL = YES;
				CLANG_ANALYZER_NUMBER_OBJECT_CONVERSION = YES_AGGRESSIVE;
				CLANG_CXX_LANGUAGE_STANDARD = "gnu++14";
				CLANG_CXX_LIBRARY = "libc++";
				CLANG_ENABLE_MODULES = YES;
				CLANG_ENABLE_OBJC_ARC = YES;
				CLANG_ENABLE_OBJC_WEAK = YES;
				CLANG_WARN_BLOCK_CAPTURE_AUTORELEASING = YES;
				CLANG_WARN_BOOL_CONVERSION = YES;
				CLANG_WARN_COMMA = YES;
				CLANG_WARN_CONSTANT_CONVERSION = YES;
				CLANG_WARN_DEPRECATED_OBJC_IMPLEMENTATIONS = YES;
				CLANG_WARN_DIRECT_OBJC_ISA_USAGE = YES_ERROR;
				CLANG_WARN_DOCUMENTATION_COMMENTS = YES;
				CLANG_WARN_EMPTY_BODY = YES;
				CLANG_WARN_ENUM_CONVERSION = YES;
				CLANG_WARN_INFINITE_RECURSION = YES;
				CLANG_WARN_INT_CONVERSION = YES;
				CLANG_WARN_NON_LITERAL_NULL_CONVERSION = YES;
				CLANG_WARN_OBJC_IMPLICIT_RETAIN_SELF = YES;
				CLANG_WARN_OBJC_LITERAL_CONVERSION = YES;
				CLANG_WARN_OBJC_ROOT_CLASS = YES_ERROR;
				CLANG_WARN_RANGE_LOOP_ANALYSIS = YES;
				CLANG_WARN_STRICT_PROTOTYPES = YES;
				CLANG_WARN_SUSPICIOUS_MOVE = YES;
				CLANG_WARN_UNGUARDED_AVAILABILITY = YES_AGGRESSIVE;
				CLANG_WARN_UNREACHABLE_CODE = YES;
				CLANG_WARN__DUPLICATE_METHOD_MATCH = YES;
				CODE_SIGN_IDENTITY = "iPhone Developer";
				COPY_PHASE_STRIP = NO;
				DEBUG_INFORMATION_FORMAT = dwarf;
				ENABLE_STRICT_OBJC_MSGSEND = YES;
				ENABLE_TESTABILITY = YES;
				GCC_C_LANGUAGE_STANDARD = gnu11;
				GCC_DYNAMIC_NO_PIC = NO;
				GCC_NO_COMMON_BLOCKS = YES;
				GCC_OPTIMIZATION_LEVEL = 0;
				GCC_PREPROCESSOR_DEFINITIONS = (
					"DEBUG=1",
					"$(inherited)",
				);
				GCC_WARN_64_TO_32_BIT_CONVERSION = YES;
				GCC_WARN_ABOUT_RETURN_TYPE = YES_ERROR;
				GCC_WARN_UNDECLARED_SELECTOR = YES;
				GCC_WARN_UNINITIALIZED_AUTOS = YES_AGGRESSIVE;
				GCC_WARN_UNUSED_FUNCTION = YES;
				GCC_WARN_UNUSED_VARIABLE = YES;
				IPHONEOS_DEPLOYMENT_TARGET = 11.3;
				MTL_ENABLE_DEBUG_INFO = YES;
				ONLY_ACTIVE_ARCH = YES;
				SDKROOT = iphoneos;
				SWIFT_ACTIVE_COMPILATION_CONDITIONS = DEBUG;
				SWIFT_OPTIMIZATION_LEVEL = "-Onone";
			};
			name = Debug;
		};
		8BD2BB132081498000D61BDF /* Release */ = {
			isa = XCBuildConfiguration;
			buildSettings = {
				ALWAYS_SEARCH_USER_PATHS = NO;
				CLANG_ANALYZER_NONNULL = YES;
				CLANG_ANALYZER_NUMBER_OBJECT_CONVERSION = YES_AGGRESSIVE;
				CLANG_CXX_LANGUAGE_STANDARD = "gnu++14";
				CLANG_CXX_LIBRARY = "libc++";
				CLANG_ENABLE_MODULES = YES;
				CLANG_ENABLE_OBJC_ARC = YES;
				CLANG_ENABLE_OBJC_WEAK = YES;
				CLANG_WARN_BLOCK_CAPTURE_AUTORELEASING = YES;
				CLANG_WARN_BOOL_CONVERSION = YES;
				CLANG_WARN_COMMA = YES;
				CLANG_WARN_CONSTANT_CONVERSION = YES;
				CLANG_WARN_DEPRECATED_OBJC_IMPLEMENTATIONS = YES;
				CLANG_WARN_DIRECT_OBJC_ISA_USAGE = YES_ERROR;
				CLANG_WARN_DOCUMENTATION_COMMENTS = YES;
				CLANG_WARN_EMPTY_BODY = YES;
				CLANG_WARN_ENUM_CONVERSION = YES;
				CLANG_WARN_INFINITE_RECURSION = YES;
				CLANG_WARN_INT_CONVERSION = YES;
				CLANG_WARN_NON_LITERAL_NULL_CONVERSION = YES;
				CLANG_WARN_OBJC_IMPLICIT_RETAIN_SELF = YES;
				CLANG_WARN_OBJC_LITERAL_CONVERSION = YES;
				CLANG_WARN_OBJC_ROOT_CLASS = YES_ERROR;
				CLANG_WARN_RANGE_LOOP_ANALYSIS = YES;
				CLANG_WARN_STRICT_PROTOTYPES = YES;
				CLANG_WARN_SUSPICIOUS_MOVE = YES;
				CLANG_WARN_UNGUARDED_AVAILABILITY = YES_AGGRESSIVE;
				CLANG_WARN_UNREACHABLE_CODE = YES;
				CLANG_WARN__DUPLICATE_METHOD_MATCH = YES;
				CODE_SIGN_IDENTITY = "iPhone Developer";
				COPY_PHASE_STRIP = NO;
				DEBUG_INFORMATION_FORMAT = "dwarf-with-dsym";
				ENABLE_NS_ASSERTIONS = NO;
				ENABLE_STRICT_OBJC_MSGSEND = YES;
				GCC_C_LANGUAGE_STANDARD = gnu11;
				GCC_NO_COMMON_BLOCKS = YES;
				GCC_WARN_64_TO_32_BIT_CONVERSION = YES;
				GCC_WARN_ABOUT_RETURN_TYPE = YES_ERROR;
				GCC_WARN_UNDECLARED_SELECTOR = YES;
				GCC_WARN_UNINITIALIZED_AUTOS = YES_AGGRESSIVE;
				GCC_WARN_UNUSED_FUNCTION = YES;
				GCC_WARN_UNUSED_VARIABLE = YES;
				IPHONEOS_DEPLOYMENT_TARGET = 11.3;
				MTL_ENABLE_DEBUG_INFO = NO;
				SDKROOT = iphoneos;
				SWIFT_COMPILATION_MODE = wholemodule;
				SWIFT_OPTIMIZATION_LEVEL = "-O";
				VALIDATE_PRODUCT = YES;
			};
			name = Release;
		};
		8BD2BB152081498000D61BDF /* Debug */ = {
			isa = XCBuildConfiguration;
			baseConfigurationReference = A047BB31F33110343C53C94C /* Pods-Caffeine tracker.debug.xcconfig */;
			buildSettings = {
				ASSETCATALOG_COMPILER_APPICON_NAME = AppIcon;
				CODE_SIGN_ENTITLEMENTS = "Caffeine tracker/Caffeine tracker.entitlements";
				CODE_SIGN_STYLE = Automatic;
				CURRENT_PROJECT_VERSION = 1;
				DEVELOPMENT_TEAM = 7344G4M3BL;
				INFOPLIST_FILE = "Caffeine tracker/Info.plist";
				IPHONEOS_DEPLOYMENT_TARGET = 11.0;
				LD_RUNPATH_SEARCH_PATHS = (
					"$(inherited)",
					"@executable_path/Frameworks",
				);
				MARKETING_VERSION = 1.0;
				PRODUCT_BUNDLE_IDENTIFIER = com.Trotos.CaffeineTracker;
				PRODUCT_NAME = "$(TARGET_NAME)";
				SWIFT_VERSION = 5.0;
				TARGETED_DEVICE_FAMILY = 1;
			};
			name = Debug;
		};
		8BD2BB162081498000D61BDF /* Release */ = {
			isa = XCBuildConfiguration;
			baseConfigurationReference = 310D793C75283CAC32DE07D1 /* Pods-Caffeine tracker.release.xcconfig */;
			buildSettings = {
				ASSETCATALOG_COMPILER_APPICON_NAME = AppIcon;
				CODE_SIGN_ENTITLEMENTS = "Caffeine tracker/Caffeine tracker.entitlements";
				CODE_SIGN_STYLE = Automatic;
				CURRENT_PROJECT_VERSION = 1;
				DEVELOPMENT_TEAM = 7344G4M3BL;
				INFOPLIST_FILE = "Caffeine tracker/Info.plist";
				IPHONEOS_DEPLOYMENT_TARGET = 11.0;
				LD_RUNPATH_SEARCH_PATHS = (
					"$(inherited)",
					"@executable_path/Frameworks",
				);
				MARKETING_VERSION = 1.0;
				PRODUCT_BUNDLE_IDENTIFIER = com.Trotos.CaffeineTracker;
				PRODUCT_NAME = "$(TARGET_NAME)";
				SWIFT_VERSION = 5.0;
				TARGETED_DEVICE_FAMILY = 1;
			};
			name = Release;
		};
/* End XCBuildConfiguration section */

/* Begin XCConfigurationList section */
		8BD2BAFB2081497E00D61BDF /* Build configuration list for PBXProject "Caffeine tracker" */ = {
			isa = XCConfigurationList;
			buildConfigurations = (
				8BD2BB122081498000D61BDF /* Debug */,
				8BD2BB132081498000D61BDF /* Release */,
			);
			defaultConfigurationIsVisible = 0;
			defaultConfigurationName = Release;
		};
		8BD2BB142081498000D61BDF /* Build configuration list for PBXNativeTarget "Caffeine tracker" */ = {
			isa = XCConfigurationList;
			buildConfigurations = (
				8BD2BB152081498000D61BDF /* Debug */,
				8BD2BB162081498000D61BDF /* Release */,
			);
			defaultConfigurationIsVisible = 0;
			defaultConfigurationName = Release;
		};
/* End XCConfigurationList section */

/* Begin XCVersionGroup section */
		8B562EE62265320E00548EF3 /* Drink.xcdatamodeld */ = {
			isa = XCVersionGroup;
			children = (
				8B562EE72265320E00548EF3 /* Drink.xcdatamodel */,
			);
			currentVersion = 8B562EE72265320E00548EF3 /* Drink.xcdatamodel */;
			path = Drink.xcdatamodeld;
			sourceTree = "<group>";
			versionGroupType = wrapper.xcdatamodel;
		};
/* End XCVersionGroup section */
	};
	rootObject = 8BD2BAF82081497E00D61BDF /* Project object */;
}
